github.com/davecgh/go-spew v1.1.1 h1:vj9j/u1bqnvCEfJOwUhtlOARqs3+rkHYY13jYWTU97c=
github.com/davecgh/go-spew v1.1.1/go.mod h1:J7Y8YcW2NihsgmVo/mv3lAwl/skON4iLHjSsI+c5H38=
github.com/go-logistiq/handler v1.0.6 h1:6jZteCEk+KOC2CfGyS8rUwdQrAs+0fZ9HJqN5V/mgu8=
github.com/go-logistiq/handler v1.0.6/go.mod h1:ehmqHEtb2sWHtHCsZG5RXe9yqBaskadtLvJeCk7QrbA=
github.com/go-raptor/config v1.0.2 h1:GMaUYQ9SLB/vEK9h/JSYOqs2WLbnhgJcLVzgZhZHZ2Y=
github.com/go-raptor/config v1.0.2/go.mod h1:SkoS8NFSnDxB6qpO7RvY2ndM3GlbvAVAyyFwKJlX8tA=
github.com/go-raptor/connectors v1.0.2 h1:aAFXlSssExRE0HC6YIj+mSMR2ZP7tZn8qNxRADcekoE=
github.com/go-raptor/connectors v1.0.2/go.mod h1:o5EsfDhvcxtH00SOh6ehIa2nE/Y2oCrSoorxrSGeEys=
github.com/go-raptor/middlewares/cors v1.0.1 h1:+0SjfGVwNcI/497ITDQwto9Y2NZFw60b2b+yMLwstLA=
github.com/go-raptor/middlewares/cors v1.0.1/go.mod h1:SK1fT84M094IbxN4f3j8mTXeZ2K/UT8zHmSbvgL35As=
github.com/go-raptor/raptor/v4 v4.0.0-alpha.3 h1:XYVK0wdhd81fmb+G48WXSfkYSAV6b3oS9y5HO/WIUMY=
github.com/go-raptor/raptor/v4 v4.0.0-alpha.3/go.mod h1:5m1xtS5soP/0IW6NYZv9/ABH9D8Y/awX8DKvOLMJDTs=
github.com/klauspost/compress v1.18.0 h1:c/Cqfb0r+Yi+JtIEq73FWXVkRonBlf0CRNYc8Zttxdo=
github.com/klauspost/compress v1.18.0/go.mod h1:2Pp+KzxcywXVXMr50+X0Q/Lsb43OQHYWRCY2AiWywWQ=
github.com/nats-io/nats.go v1.40.1 h1:MLjDkdsbGUeCMKFyCFoLnNn/HDTqcgVa3EQm+pMNDPk=
github.com/nats-io/nats.go v1.40.1/go.mod h1:wV73x0FSI/orHPSYoyMeJB+KajMDoWyXmFaRrrYaaTo=
github.com/nats-io/nkeys v0.4.10 h1:glmRrpCmYLHByYcePvnTBEAwawwapjCPMjy2huw20wc=
github.com/nats-io/nkeys v0.4.10/go.mod h1:OjRrnIKnWBFl+s4YK5ChQfvHP2fxqZexrKJoVVyWB3U=
github.com/nats-io/nuid v1.0.1 h1:5iA8DT8V7q8WK2EScv2padNa/rTESc1KdnPw4TC2paw=
github.com/nats-io/nuid v1.0.1/go.mod h1:19wcPz3Ph3q0Jbyiqsd0kePYG7A95tJPxeL+1OSON2c=
github.com/pmezard/go-difflib v1.0.0 h1:4DBwDE0NGyQoBHbLQYPwSUPoCMWR5BEzIk/f1lZbAQM=
github.com/pmezard/go-difflib v1.0.0/go.mod h1:iKH77koFhYxTK1pcRnkKkqfTogsbg7gZNVY4sRDYZ/4=
github.com/pwntr/tinter v1.2.0 h1:rcsHgSXxtUsKdxOMWPK4lEmhr26itgwGcDOZBNIyV3I=
github.com/pwntr/tinter v1.2.0/go.mod h1:9al9Wh/UU5XwT9TpCfcsoz1Yh0bW6QlqKVXFAIE2vaY=
github.com/stretchr/testify v1.10.0 h1:Xv5erBjTwe/5IxqUQTdXv5kgmIvbHo3QQyRwhJsOfJA=
github.com/stretchr/testify v1.10.0/go.mod h1:r2ic/lqez/lEtzL7wO/rwa5dbSLXVDPFyf8C91i36aY=
golang.org/x/crypto v0.37.0 h1:kJNSjF/Xp7kU0iB2Z+9viTPMW4EqqsrywMXLJOOsXSE=
golang.org/x/crypto v0.37.0/go.mod h1:vg+k43peMZ0pUMhYmVAWysMK35e6ioLh3wB8ZCAfbVc=
golang.org/x/sys v0.32.0 h1:s77OFDvIQeibCmezSnk/q6iAfkdiQaJi4VzroCFrN20=
golang.org/x/sys v0.32.0/go.mod h1:BJP2sWEmIv4KK5OTEluFJCKSidICx8ciO85XgH3Ak8k=
gopkg.in/check.v1 v0.0.0-20161208181325-20d25e280405 h1:yhCVgyC4o1eVCa2tZl7eS0r+SDo693bJlVdllGtEeKM=
gopkg.in/check.v1 v0.0.0-20161208181325-20d25e280405/go.mod h1:Co6ibVJAznAaIkqp8huTwlJQCZ016jof/cbN4VW5Yz0=
gopkg.in/yaml.v3 v3.0.1 h1:fxVm/GzAzEWqLHuvctI91KS9hhNmmWOoWu0XTYJS7CA=
gopkg.in/yaml.v3 v3.0.1/go.mod h1:K4uyk7z7BCEPqu6E+C64Yfv1cQ7kz7rIZviUmN+EgEM=
