github.com/davecgh/go-spew v1.1.1 h1:vj9j/u1bqnvCEfJOwUhtlOARqs3+rkHYY13jYWTU97c=
github.com/davecgh/go-spew v1.1.1/go.mod h1:J7Y8YcW2NihsgmVo/mv3lAwl/skON4iLHjSsI+c5H38=
github.com/go-logistiq/logistiq v1.0.14 h1:ALFf+i7hGbhcTkXPgbO3i+wrzuhlwu1m8rFxPBY8I44=
github.com/go-logistiq/logistiq v1.0.14/go.mod h1:6T0hgU3H/JeJrjq/E3+Pyw1Q8R2irNyTvdnCxdSd79w=
github.com/go-raptor/connectors v1.0.2 h1:aAFXlSssExRE0HC6YIj+mSMR2ZP7tZn8qNxRADcekoE=
github.com/go-raptor/connectors v1.0.2/go.mod h1:o5EsfDhvcxtH00SOh6ehIa2nE/Y2oCrSoorxrSGeEys=
github.com/go-raptor/middlewares/cors v1.0.2 h1:3G3P8G01V7RGXQKO4uH38z7F7FWVERQ297GlNrRmNXA=
github.com/go-raptor/middlewares/cors v1.0.2/go.mod h1:flJ00tMK9B5R8JMmfnd/2R+ZnezWskFHNRXwElOL+KA=
github.com/go-raptor/raptor/v4 v4.0.0-alpha.16 h1:ZSix9BYIsPxz61QxfWJbjqEV/VaBbTDSZMbbbv5ydQE=
github.com/go-raptor/raptor/v4 v4.0.0-alpha.16/go.mod h1:8c5+zuJy2yb2WAkjvQCa8mXPu8P4WEQRI7s9UpOOaEw=
github.com/h00s/tint v1.0.7 h1:EjZPli3Vcs37es8Fqu62dNZhdInD2WUyXu5xYXMnstM=
github.com/h00s/tint v1.0.7/go.mod h1:A6y/VboBZiBW7PWebkEGV5qAPGPLpTukHBfGgik+m88=
github.com/klauspost/compress v1.18.0 h1:c/Cqfb0r+Yi+JtIEq73FWXVkRonBlf0CRNYc8Zttxdo=
github.com/klauspost/compress v1.18.0/go.mod h1:2Pp+KzxcywXVXMr50+X0Q/Lsb43OQHYWRCY2AiWywWQ=
github.com/nats-io/nats.go v1.42.0 h1:ynIMupIOvf/ZWH/b2qda6WGKGNSjwOUutTpWRvAmhaM=
github.com/nats-io/nats.go v1.42.0/go.mod h1:iRWIPokVIFbVijxuMQq4y9ttaBTMe0SFdlZfMDd+33g=
github.com/nats-io/nkeys v0.4.11 h1:q44qGV008kYd9W1b1nEBkNzvnWxtRSQ7A8BoqRrcfa0=
github.com/nats-io/nkeys v0.4.11/go.mod h1:szDimtgmfOi9n25JpfIdGw12tZFYXqhGxjhVxsatHVE=
github.com/nats-io/nuid v1.0.1 h1:5iA8DT8V7q8WK2EScv2padNa/rTESc1KdnPw4TC2paw=
github.com/nats-io/nuid v1.0.1/go.mod h1:19wcPz3Ph3q0Jbyiqsd0kePYG7A95tJPxeL+1OSON2c=
github.com/pmezard/go-difflib v1.0.0 h1:4DBwDE0NGyQoBHbLQYPwSUPoCMWR5BEzIk/f1lZbAQM=
github.com/pmezard/go-difflib v1.0.0/go.mod h1:iKH77koFhYxTK1pcRnkKkqfTogsbg7gZNVY4sRDYZ/4=
github.com/stretchr/testify v1.10.0 h1:Xv5erBjTwe/5IxqUQTdXv5kgmIvbHo3QQyRwhJsOfJA=
github.com/stretchr/testify v1.10.0/go.mod h1:r2ic/lqez/lEtzL7wO/rwa5dbSLXVDPFyf8C91i36aY=
golang.org/x/crypto v0.38.0 h1:jt+WWG8IZlBnVbomuhg2Mdq0+BBQaHbtqHEFEigjUV8=
golang.org/x/crypto v0.38.0/go.mod h1:MvrbAqul58NNYPKnOra203SB9vpuZW0e+RRZV+Ggqjw=
golang.org/x/sys v0.33.0 h1:q3i8TbbEz+JRD9ywIRlyRAQbM0qF7hu24q3teo2hbuw=
golang.org/x/sys v0.33.0/go.mod h1:BJP2sWEmIv4KK5OTEluFJCKSidICx8ciO85XgH3Ak8k=
gopkg.in/check.v1 v0.0.0-20161208181325-20d25e280405 h1:yhCVgyC4o1eVCa2tZl7eS0r+SDo693bJlVdllGtEeKM=
gopkg.in/check.v1 v0.0.0-20161208181325-20d25e280405/go.mod h1:Co6ibVJAznAaIkqp8huTwlJQCZ016jof/cbN4VW5Yz0=
gopkg.in/yaml.v3 v3.0.1 h1:fxVm/GzAzEWqLHuvctI91KS9hhNmmWOoWu0XTYJS7CA=
gopkg.in/yaml.v3 v3.0.1/go.mod h1:K4uyk7z7BCEPqu6E+C64Yfv1cQ7kz7rIZviUmN+EgEM=
